
Microsoft Visual Studio Solution File, Format Version 12.00
# Visual Studio 2012
Project("{FAE04EC0-301F-11D3-BF4B-00C04F79EFBC}") = "FWUsersAPI", "FWUsersAPI\FWUsersAPI.csproj", "{761E99FC-4D47-4613-AA27-B50A44432212}"
EndProject
Global
	GlobalSection(SolutionConfigurationPlatforms) = preSolution
		Debug|Any CPU = Debug|Any CPU
		Release|Any CPU = Release|Any CPU
	EndGlobalSection
	GlobalSection(ProjectConfigurationPlatforms) = postSolution
		{761E99FC-4D47-4613-AA27-B50A44432212}.Debug|Any CPU.ActiveCfg = Debug|Any CPU
		{761E99FC-4D47-4613-AA27-B50A44432212}.Debug|Any CPU.Build.0 = Debug|Any CPU
		{761E99FC-4D47-4613-AA27-B50A44432212}.Release|Any CPU.ActiveCfg = Release|Any CPU
		{761E99FC-4D47-4613-AA27-B50A44432212}.Release|Any CPU.Build.0 = Release|Any CPU
	EndGlobalSection
EndGlobal
